{
  "name": "app",
  "version": "1.0.0",
  "lockfileVersion": 2,
  "requires": true,
  "packages": {
    "": {
      "name": "app",
      "version": "1.0.0",
      "license": "ISC",
      "dependencies": {
        "@viniciussmelo/date-util": "^1.0.0"
      }
    },
    "node_modules/@viniciussmelo/date-util": {
      "version": "1.0.0",
      "resolved": "http://localhost:4873/@viniciussmelo/date-util/-/date-util-1.0.0.tgz",
      "integrity": "sha512-hrnYWUoha+p3L5aLEArVUX4uLkvD5Qw8BiOkM/U8o4TG8sdANCxYQ3kEl1FYZiKfxvrPNrpJcJpEWIFmxM6Puw==",
      "dependencies": {
        "@viniciussmelo/string-util": "^1.0.0"
      }
    },
    "node_modules/@viniciussmelo/string-util": {
      "version": "1.0.0",
      "resolved": "http://localhost:4873/@viniciussmelo/string-util/-/string-util-1.0.0.tgz",
      "integrity": "sha512-NcOSK/AYJdLejutcJe8nNX6dYkRk42HwOVQ5nT9FYRQU+mvWqw87h1BQi6xeNT1EsHq6XEVsWyBfDuW6K3QQfA=="
    }
  },
  "dependencies": {
    "@viniciussmelo/date-util": {
      "version": "1.0.0",
      "resolved": "http://localhost:4873/@viniciussmelo/date-util/-/date-util-1.0.0.tgz",
      "integrity": "sha512-hrnYWUoha+p3L5aLEArVUX4uLkvD5Qw8BiOkM/U8o4TG8sdANCxYQ3kEl1FYZiKfxvrPNrpJcJpEWIFmxM6Puw==",
      "requires": {
        "@viniciussmelo/string-util": "^1.0.0"
      }
    },
    "@viniciussmelo/string-util": {
      "version": "1.0.0",
      "resolved": "http://localhost:4873/@viniciussmelo/string-util/-/string-util-1.0.0.tgz",
      "integrity": "sha512-NcOSK/AYJdLejutcJe8nNX6dYkRk42HwOVQ5nT9FYRQU+mvWqw87h1BQi6xeNT1EsHq6XEVsWyBfDuW6K3QQfA=="
    }
  }
}
