{
  "name": "myapp",
  "version": "1.0.0",
  "lockfileVersion": 2,
  "requires": true,
  "packages": {
    "": {
      "name": "myapp",
      "version": "1.0.0",
      "license": "ISC",
      "dependencies": {
        "@viniciusspmelo/fluentsql": "^2.0.0"
      }
    },
    "node_modules/@viniciusspmelo/fluentsql": {
      "version": "2.0.0",
      "resolved": "https://registry.npmjs.org/@viniciusspmelo/fluentsql/-/fluentsql-2.0.0.tgz",
      "integrity": "sha512-8jMyWwKBoc8TZ5q6FJ9NsVzRQf8cPxRXJqVI3TL9Gd8o4vKPtrTSI9kNLvp/jCJx5qVeJo69Jd3s24HhSs4/TQ=="
    }
  },
  "dependencies": {
    "@viniciusspmelo/fluentsql": {
      "version": "2.0.0",
      "resolved": "https://registry.npmjs.org/@viniciusspmelo/fluentsql/-/fluentsql-2.0.0.tgz",
      "integrity": "sha512-8jMyWwKBoc8TZ5q6FJ9NsVzRQf8cPxRXJqVI3TL9Gd8o4vKPtrTSI9kNLvp/jCJx5qVeJo69Jd3s24HhSs4/TQ=="
    }
  }
}
