{
  "name": "myapp",
  "version": "1.0.0",
  "lockfileVersion": 2,
  "requires": true,
  "packages": {
    "": {
      "name": "myapp",
      "version": "1.0.0",
      "license": "ISC",
      "dependencies": {
        "@viniciusspmelo/fluentsql": "^1.0.0"
      }
    },
    "node_modules/@viniciusspmelo/fluentsql": {
      "version": "1.1.1",
      "resolved": "https://registry.npmjs.org/@viniciusspmelo/fluentsql/-/fluentsql-1.1.1.tgz",
      "integrity": "sha512-qKYTaHSRx7U4T0F0hwOLamZK/++9rk78TlIG7oGRWAQyYJagd5lkrZ8bM+3qIwUMScbaeiTggmbjsXgEwDeaKg=="
    }
  },
  "dependencies": {
    "@viniciusspmelo/fluentsql": {
      "version": "1.1.1",
      "resolved": "https://registry.npmjs.org/@viniciusspmelo/fluentsql/-/fluentsql-1.1.1.tgz",
      "integrity": "sha512-qKYTaHSRx7U4T0F0hwOLamZK/++9rk78TlIG7oGRWAQyYJagd5lkrZ8bM+3qIwUMScbaeiTggmbjsXgEwDeaKg=="
    }
  }
}
